
Microsoft Visual Studio Solution File, Format Version 12.00
# TcXaeShell Solution File, Format Version 11.00
VisualStudioVersion = 17.7.34302.85
MinimumVisualStudioVersion = 10.0.40219.1
Project("{B1E792BE-AA5F-4E3C-8C82-674BF9C0715B}") = "TwinCAT.OpenFramework", "TwinCAT.OpenFramework.tsproj", "{F29F9ED4-82E8-4730-AD66-2AEA87F2389D}"
EndProject
Global
	GlobalSection(SolutionConfigurationPlatforms) = preSolution
		Debug|TwinCAT CE7 (ARMV7) = Debug|TwinCAT CE7 (ARMV7)
		Debug|TwinCAT OS (ARMT2) = Debug|TwinCAT OS (ARMT2)
		Debug|TwinCAT OS (ARMV7-A) = Debug|TwinCAT OS (ARMV7-A)
		Debug|TwinCAT OS (ARMV7-M) = Debug|TwinCAT OS (ARMV7-M)
		Debug|TwinCAT OS (ARMV8-A) = Debug|TwinCAT OS (ARMV8-A)
		Debug|TwinCAT OS (x64) = Debug|TwinCAT OS (x64)
		Debug|TwinCAT RT (x64) = Debug|TwinCAT RT (x64)
		Debug|TwinCAT RT (x86) = Debug|TwinCAT RT (x86)
		Release|TwinCAT CE7 (ARMV7) = Release|TwinCAT CE7 (ARMV7)
		Release|TwinCAT OS (ARMT2) = Release|TwinCAT OS (ARMT2)
		Release|TwinCAT OS (ARMV7-A) = Release|TwinCAT OS (ARMV7-A)
		Release|TwinCAT OS (ARMV7-M) = Release|TwinCAT OS (ARMV7-M)
		Release|TwinCAT OS (ARMV8-A) = Release|TwinCAT OS (ARMV8-A)
		Release|TwinCAT OS (x64) = Release|TwinCAT OS (x64)
		Release|TwinCAT RT (x64) = Release|TwinCAT RT (x64)
		Release|TwinCAT RT (x86) = Release|TwinCAT RT (x86)
	EndGlobalSection
	GlobalSection(ProjectConfigurationPlatforms) = postSolution
		{F29F9ED4-82E8-4730-AD66-2AEA87F2389D}.Debug|TwinCAT CE7 (ARMV7).ActiveCfg = Debug|TwinCAT CE7 (ARMV7)
		{F29F9ED4-82E8-4730-AD66-2AEA87F2389D}.Debug|TwinCAT CE7 (ARMV7).Build.0 = Debug|TwinCAT CE7 (ARMV7)
		{F29F9ED4-82E8-4730-AD66-2AEA87F2389D}.Debug|TwinCAT OS (ARMT2).ActiveCfg = Debug|TwinCAT OS (ARMT2)
		{F29F9ED4-82E8-4730-AD66-2AEA87F2389D}.Debug|TwinCAT OS (ARMT2).Build.0 = Debug|TwinCAT OS (ARMT2)
		{F29F9ED4-82E8-4730-AD66-2AEA87F2389D}.Debug|TwinCAT OS (ARMV7-A).ActiveCfg = Debug|TwinCAT OS (ARMV7-A)
		{F29F9ED4-82E8-4730-AD66-2AEA87F2389D}.Debug|TwinCAT OS (ARMV7-A).Build.0 = Debug|TwinCAT OS (ARMV7-A)
		{F29F9ED4-82E8-4730-AD66-2AEA87F2389D}.Debug|TwinCAT OS (ARMV7-M).ActiveCfg = Debug|TwinCAT OS (ARMV7-M)
		{F29F9ED4-82E8-4730-AD66-2AEA87F2389D}.Debug|TwinCAT OS (ARMV7-M).Build.0 = Debug|TwinCAT OS (ARMV7-M)
		{F29F9ED4-82E8-4730-AD66-2AEA87F2389D}.Debug|TwinCAT OS (ARMV8-A).ActiveCfg = Debug|TwinCAT OS (ARMV8-A)
		{F29F9ED4-82E8-4730-AD66-2AEA87F2389D}.Debug|TwinCAT OS (ARMV8-A).Build.0 = Debug|TwinCAT OS (ARMV8-A)
		{F29F9ED4-82E8-4730-AD66-2AEA87F2389D}.Debug|TwinCAT OS (x64).ActiveCfg = Debug|TwinCAT OS (x64)
		{F29F9ED4-82E8-4730-AD66-2AEA87F2389D}.Debug|TwinCAT OS (x64).Build.0 = Debug|TwinCAT OS (x64)
		{F29F9ED4-82E8-4730-AD66-2AEA87F2389D}.Debug|TwinCAT RT (x64).ActiveCfg = Debug|TwinCAT RT (x64)
		{F29F9ED4-82E8-4730-AD66-2AEA87F2389D}.Debug|TwinCAT RT (x64).Build.0 = Debug|TwinCAT RT (x64)
		{F29F9ED4-82E8-4730-AD66-2AEA87F2389D}.Debug|TwinCAT RT (x86).ActiveCfg = Debug|TwinCAT RT (x86)
		{F29F9ED4-82E8-4730-AD66-2AEA87F2389D}.Debug|TwinCAT RT (x86).Build.0 = Debug|TwinCAT RT (x86)
		{F29F9ED4-82E8-4730-AD66-2AEA87F2389D}.Release|TwinCAT CE7 (ARMV7).ActiveCfg = Release|TwinCAT CE7 (ARMV7)
		{F29F9ED4-82E8-4730-AD66-2AEA87F2389D}.Release|TwinCAT CE7 (ARMV7).Build.0 = Release|TwinCAT CE7 (ARMV7)
		{F29F9ED4-82E8-4730-AD66-2AEA87F2389D}.Release|TwinCAT OS (ARMT2).ActiveCfg = Release|TwinCAT OS (ARMT2)
		{F29F9ED4-82E8-4730-AD66-2AEA87F2389D}.Release|TwinCAT OS (ARMT2).Build.0 = Release|TwinCAT OS (ARMT2)
		{F29F9ED4-82E8-4730-AD66-2AEA87F2389D}.Release|TwinCAT OS (ARMV7-A).ActiveCfg = Release|TwinCAT OS (ARMV7-A)
		{F29F9ED4-82E8-4730-AD66-2AEA87F2389D}.Release|TwinCAT OS (ARMV7-A).Build.0 = Release|TwinCAT OS (ARMV7-A)
		{F29F9ED4-82E8-4730-AD66-2AEA87F2389D}.Release|TwinCAT OS (ARMV7-M).ActiveCfg = Release|TwinCAT OS (ARMV7-M)
		{F29F9ED4-82E8-4730-AD66-2AEA87F2389D}.Release|TwinCAT OS (ARMV7-M).Build.0 = Release|TwinCAT OS (ARMV7-M)
		{F29F9ED4-82E8-4730-AD66-2AEA87F2389D}.Release|TwinCAT OS (ARMV8-A).ActiveCfg = Release|TwinCAT OS (ARMV8-A)
		{F29F9ED4-82E8-4730-AD66-2AEA87F2389D}.Release|TwinCAT OS (ARMV8-A).Build.0 = Release|TwinCAT OS (ARMV8-A)
		{F29F9ED4-82E8-4730-AD66-2AEA87F2389D}.Release|TwinCAT OS (x64).ActiveCfg = Release|TwinCAT OS (x64)
		{F29F9ED4-82E8-4730-AD66-2AEA87F2389D}.Release|TwinCAT OS (x64).Build.0 = Release|TwinCAT OS (x64)
		{F29F9ED4-82E8-4730-AD66-2AEA87F2389D}.Release|TwinCAT RT (x64).ActiveCfg = Release|TwinCAT RT (x64)
		{F29F9ED4-82E8-4730-AD66-2AEA87F2389D}.Release|TwinCAT RT (x64).Build.0 = Release|TwinCAT RT (x64)
		{F29F9ED4-82E8-4730-AD66-2AEA87F2389D}.Release|TwinCAT RT (x86).ActiveCfg = Release|TwinCAT RT (x86)
		{F29F9ED4-82E8-4730-AD66-2AEA87F2389D}.Release|TwinCAT RT (x86).Build.0 = Release|TwinCAT RT (x86)
		{7AF7DFEF-D152-485D-B118-0A7FDF94CE4D}.Debug|TwinCAT CE7 (ARMV7).ActiveCfg = Debug|TwinCAT CE7 (ARMV7)
		{7AF7DFEF-D152-485D-B118-0A7FDF94CE4D}.Debug|TwinCAT CE7 (ARMV7).Build.0 = Debug|TwinCAT CE7 (ARMV7)
		{7AF7DFEF-D152-485D-B118-0A7FDF94CE4D}.Debug|TwinCAT OS (ARMT2).ActiveCfg = Debug|TwinCAT OS (ARMT2)
		{7AF7DFEF-D152-485D-B118-0A7FDF94CE4D}.Debug|TwinCAT OS (ARMT2).Build.0 = Debug|TwinCAT OS (ARMT2)
		{7AF7DFEF-D152-485D-B118-0A7FDF94CE4D}.Debug|TwinCAT OS (ARMV7-A).ActiveCfg = Debug|TwinCAT OS (ARMV7-A)
		{7AF7DFEF-D152-485D-B118-0A7FDF94CE4D}.Debug|TwinCAT OS (ARMV7-A).Build.0 = Debug|TwinCAT OS (ARMV7-A)
		{7AF7DFEF-D152-485D-B118-0A7FDF94CE4D}.Debug|TwinCAT OS (ARMV7-M).ActiveCfg = Debug|TwinCAT OS (ARMV7-M)
		{7AF7DFEF-D152-485D-B118-0A7FDF94CE4D}.Debug|TwinCAT OS (ARMV7-M).Build.0 = Debug|TwinCAT OS (ARMV7-M)
		{7AF7DFEF-D152-485D-B118-0A7FDF94CE4D}.Debug|TwinCAT OS (ARMV8-A).ActiveCfg = Debug|TwinCAT OS (ARMV8-A)
		{7AF7DFEF-D152-485D-B118-0A7FDF94CE4D}.Debug|TwinCAT OS (ARMV8-A).Build.0 = Debug|TwinCAT OS (ARMV8-A)
		{7AF7DFEF-D152-485D-B118-0A7FDF94CE4D}.Debug|TwinCAT OS (x64).ActiveCfg = Debug|TwinCAT OS (x64)
		{7AF7DFEF-D152-485D-B118-0A7FDF94CE4D}.Debug|TwinCAT OS (x64).Build.0 = Debug|TwinCAT OS (x64)
		{7AF7DFEF-D152-485D-B118-0A7FDF94CE4D}.Debug|TwinCAT RT (x64).ActiveCfg = Debug|TwinCAT RT (x64)
		{7AF7DFEF-D152-485D-B118-0A7FDF94CE4D}.Debug|TwinCAT RT (x64).Build.0 = Debug|TwinCAT RT (x64)
		{7AF7DFEF-D152-485D-B118-0A7FDF94CE4D}.Debug|TwinCAT RT (x86).ActiveCfg = Debug|TwinCAT RT (x86)
		{7AF7DFEF-D152-485D-B118-0A7FDF94CE4D}.Debug|TwinCAT RT (x86).Build.0 = Debug|TwinCAT RT (x86)
		{7AF7DFEF-D152-485D-B118-0A7FDF94CE4D}.Release|TwinCAT CE7 (ARMV7).ActiveCfg = Release|TwinCAT CE7 (ARMV7)
		{7AF7DFEF-D152-485D-B118-0A7FDF94CE4D}.Release|TwinCAT CE7 (ARMV7).Build.0 = Release|TwinCAT CE7 (ARMV7)
		{7AF7DFEF-D152-485D-B118-0A7FDF94CE4D}.Release|TwinCAT OS (ARMT2).ActiveCfg = Release|TwinCAT OS (ARMT2)
		{7AF7DFEF-D152-485D-B118-0A7FDF94CE4D}.Release|TwinCAT OS (ARMT2).Build.0 = Release|TwinCAT OS (ARMT2)
		{7AF7DFEF-D152-485D-B118-0A7FDF94CE4D}.Release|TwinCAT OS (ARMV7-A).ActiveCfg = Release|TwinCAT OS (ARMV7-A)
		{7AF7DFEF-D152-485D-B118-0A7FDF94CE4D}.Release|TwinCAT OS (ARMV7-A).Build.0 = Release|TwinCAT OS (ARMV7-A)
		{7AF7DFEF-D152-485D-B118-0A7FDF94CE4D}.Release|TwinCAT OS (ARMV7-M).ActiveCfg = Release|TwinCAT OS (ARMV7-M)
		{7AF7DFEF-D152-485D-B118-0A7FDF94CE4D}.Release|TwinCAT OS (ARMV7-M).Build.0 = Release|TwinCAT OS (ARMV7-M)
		{7AF7DFEF-D152-485D-B118-0A7FDF94CE4D}.Release|TwinCAT OS (ARMV8-A).ActiveCfg = Release|TwinCAT OS (ARMV8-A)
		{7AF7DFEF-D152-485D-B118-0A7FDF94CE4D}.Release|TwinCAT OS (ARMV8-A).Build.0 = Release|TwinCAT OS (ARMV8-A)
		{7AF7DFEF-D152-485D-B118-0A7FDF94CE4D}.Release|TwinCAT OS (x64).ActiveCfg = Release|TwinCAT OS (x64)
		{7AF7DFEF-D152-485D-B118-0A7FDF94CE4D}.Release|TwinCAT OS (x64).Build.0 = Release|TwinCAT OS (x64)
		{7AF7DFEF-D152-485D-B118-0A7FDF94CE4D}.Release|TwinCAT RT (x64).ActiveCfg = Release|TwinCAT RT (x64)
		{7AF7DFEF-D152-485D-B118-0A7FDF94CE4D}.Release|TwinCAT RT (x64).Build.0 = Release|TwinCAT RT (x64)
		{7AF7DFEF-D152-485D-B118-0A7FDF94CE4D}.Release|TwinCAT RT (x86).ActiveCfg = Release|TwinCAT RT (x86)
		{7AF7DFEF-D152-485D-B118-0A7FDF94CE4D}.Release|TwinCAT RT (x86).Build.0 = Release|TwinCAT RT (x86)
		{BB50C0B0-460D-4E31-89A3-AE5CAD21BE9D}.Debug|TwinCAT CE7 (ARMV7).ActiveCfg = Debug|TwinCAT CE7 (ARMV7)
		{BB50C0B0-460D-4E31-89A3-AE5CAD21BE9D}.Debug|TwinCAT CE7 (ARMV7).Build.0 = Debug|TwinCAT CE7 (ARMV7)
		{BB50C0B0-460D-4E31-89A3-AE5CAD21BE9D}.Debug|TwinCAT OS (ARMT2).ActiveCfg = Debug|TwinCAT OS (ARMV7-A)
		{BB50C0B0-460D-4E31-89A3-AE5CAD21BE9D}.Debug|TwinCAT OS (ARMT2).Build.0 = Debug|TwinCAT OS (ARMV7-A)
		{BB50C0B0-460D-4E31-89A3-AE5CAD21BE9D}.Debug|TwinCAT OS (ARMV7-A).ActiveCfg = Debug|TwinCAT OS (ARMV7-A)
		{BB50C0B0-460D-4E31-89A3-AE5CAD21BE9D}.Debug|TwinCAT OS (ARMV7-A).Build.0 = Debug|TwinCAT OS (ARMV7-A)
		{BB50C0B0-460D-4E31-89A3-AE5CAD21BE9D}.Debug|TwinCAT OS (ARMV7-M).ActiveCfg = Debug|TwinCAT OS (ARMV7-M)
		{BB50C0B0-460D-4E31-89A3-AE5CAD21BE9D}.Debug|TwinCAT OS (ARMV7-M).Build.0 = Debug|TwinCAT OS (ARMV7-M)
		{BB50C0B0-460D-4E31-89A3-AE5CAD21BE9D}.Debug|TwinCAT OS (ARMV8-A).ActiveCfg = Debug|TwinCAT OS (ARMV8-A)
		{BB50C0B0-460D-4E31-89A3-AE5CAD21BE9D}.Debug|TwinCAT OS (ARMV8-A).Build.0 = Debug|TwinCAT OS (ARMV8-A)
		{BB50C0B0-460D-4E31-89A3-AE5CAD21BE9D}.Debug|TwinCAT OS (x64).ActiveCfg = Debug|TwinCAT OS (x64)
		{BB50C0B0-460D-4E31-89A3-AE5CAD21BE9D}.Debug|TwinCAT OS (x64).Build.0 = Debug|TwinCAT OS (x64)
		{BB50C0B0-460D-4E31-89A3-AE5CAD21BE9D}.Debug|TwinCAT RT (x64).ActiveCfg = Debug|TwinCAT RT (x64)
		{BB50C0B0-460D-4E31-89A3-AE5CAD21BE9D}.Debug|TwinCAT RT (x64).Build.0 = Debug|TwinCAT RT (x64)
		{BB50C0B0-460D-4E31-89A3-AE5CAD21BE9D}.Debug|TwinCAT RT (x86).ActiveCfg = Debug|TwinCAT RT (x86)
		{BB50C0B0-460D-4E31-89A3-AE5CAD21BE9D}.Debug|TwinCAT RT (x86).Build.0 = Debug|TwinCAT RT (x86)
		{BB50C0B0-460D-4E31-89A3-AE5CAD21BE9D}.Release|TwinCAT CE7 (ARMV7).ActiveCfg = Release|TwinCAT CE7 (ARMV7)
		{BB50C0B0-460D-4E31-89A3-AE5CAD21BE9D}.Release|TwinCAT CE7 (ARMV7).Build.0 = Release|TwinCAT CE7 (ARMV7)
		{BB50C0B0-460D-4E31-89A3-AE5CAD21BE9D}.Release|TwinCAT OS (ARMT2).ActiveCfg = Release|TwinCAT OS (ARMV7-A)
		{BB50C0B0-460D-4E31-89A3-AE5CAD21BE9D}.Release|TwinCAT OS (ARMT2).Build.0 = Release|TwinCAT OS (ARMV7-A)
		{BB50C0B0-460D-4E31-89A3-AE5CAD21BE9D}.Release|TwinCAT OS (ARMV7-A).ActiveCfg = Release|TwinCAT OS (ARMV7-A)
		{BB50C0B0-460D-4E31-89A3-AE5CAD21BE9D}.Release|TwinCAT OS (ARMV7-A).Build.0 = Release|TwinCAT OS (ARMV7-A)
		{BB50C0B0-460D-4E31-89A3-AE5CAD21BE9D}.Release|TwinCAT OS (ARMV7-M).ActiveCfg = Release|TwinCAT OS (ARMV7-M)
		{BB50C0B0-460D-4E31-89A3-AE5CAD21BE9D}.Release|TwinCAT OS (ARMV7-M).Build.0 = Release|TwinCAT OS (ARMV7-M)
		{BB50C0B0-460D-4E31-89A3-AE5CAD21BE9D}.Release|TwinCAT OS (ARMV8-A).ActiveCfg = Release|TwinCAT OS (ARMV8-A)
		{BB50C0B0-460D-4E31-89A3-AE5CAD21BE9D}.Release|TwinCAT OS (ARMV8-A).Build.0 = Release|TwinCAT OS (ARMV8-A)
		{BB50C0B0-460D-4E31-89A3-AE5CAD21BE9D}.Release|TwinCAT OS (x64).ActiveCfg = Release|TwinCAT OS (x64)
		{BB50C0B0-460D-4E31-89A3-AE5CAD21BE9D}.Release|TwinCAT OS (x64).Build.0 = Release|TwinCAT OS (x64)
		{BB50C0B0-460D-4E31-89A3-AE5CAD21BE9D}.Release|TwinCAT RT (x64).ActiveCfg = Release|TwinCAT RT (x64)
		{BB50C0B0-460D-4E31-89A3-AE5CAD21BE9D}.Release|TwinCAT RT (x64).Build.0 = Release|TwinCAT RT (x64)
		{BB50C0B0-460D-4E31-89A3-AE5CAD21BE9D}.Release|TwinCAT RT (x86).ActiveCfg = Release|TwinCAT RT (x86)
		{BB50C0B0-460D-4E31-89A3-AE5CAD21BE9D}.Release|TwinCAT RT (x86).Build.0 = Release|TwinCAT RT (x86)
		{EA575994-D3FB-42BF-B661-BC7E32E86938}.Debug|TwinCAT CE7 (ARMV7).ActiveCfg = Debug|TwinCAT CE7 (ARMV7)
		{EA575994-D3FB-42BF-B661-BC7E32E86938}.Debug|TwinCAT CE7 (ARMV7).Build.0 = Debug|TwinCAT CE7 (ARMV7)
		{EA575994-D3FB-42BF-B661-BC7E32E86938}.Debug|TwinCAT OS (ARMT2).ActiveCfg = Debug|TwinCAT OS (ARMV7-M)
		{EA575994-D3FB-42BF-B661-BC7E32E86938}.Debug|TwinCAT OS (ARMT2).Build.0 = Debug|TwinCAT OS (ARMV7-M)
		{EA575994-D3FB-42BF-B661-BC7E32E86938}.Debug|TwinCAT OS (ARMV7-A).ActiveCfg = Debug|TwinCAT OS (ARMV7-A)
		{EA575994-D3FB-42BF-B661-BC7E32E86938}.Debug|TwinCAT OS (ARMV7-A).Build.0 = Debug|TwinCAT OS (ARMV7-A)
		{EA575994-D3FB-42BF-B661-BC7E32E86938}.Debug|TwinCAT OS (ARMV7-M).ActiveCfg = Debug|TwinCAT OS (ARMV7-M)
		{EA575994-D3FB-42BF-B661-BC7E32E86938}.Debug|TwinCAT OS (ARMV7-M).Build.0 = Debug|TwinCAT OS (ARMV7-M)
		{EA575994-D3FB-42BF-B661-BC7E32E86938}.Debug|TwinCAT OS (ARMV8-A).ActiveCfg = Debug|TwinCAT OS (ARMV8-A)
		{EA575994-D3FB-42BF-B661-BC7E32E86938}.Debug|TwinCAT OS (ARMV8-A).Build.0 = Debug|TwinCAT OS (ARMV8-A)
		{EA575994-D3FB-42BF-B661-BC7E32E86938}.Debug|TwinCAT OS (x64).ActiveCfg = Debug|TwinCAT OS (x64)
		{EA575994-D3FB-42BF-B661-BC7E32E86938}.Debug|TwinCAT OS (x64).Build.0 = Debug|TwinCAT OS (x64)
		{EA575994-D3FB-42BF-B661-BC7E32E86938}.Debug|TwinCAT RT (x64).ActiveCfg = Debug|TwinCAT RT (x64)
		{EA575994-D3FB-42BF-B661-BC7E32E86938}.Debug|TwinCAT RT (x64).Build.0 = Debug|TwinCAT RT (x64)
		{EA575994-D3FB-42BF-B661-BC7E32E86938}.Debug|TwinCAT RT (x86).ActiveCfg = Debug|TwinCAT RT (x86)
		{EA575994-D3FB-42BF-B661-BC7E32E86938}.Debug|TwinCAT RT (x86).Build.0 = Debug|TwinCAT RT (x86)
		{EA575994-D3FB-42BF-B661-BC7E32E86938}.Release|TwinCAT CE7 (ARMV7).ActiveCfg = Release|TwinCAT CE7 (ARMV7)
		{EA575994-D3FB-42BF-B661-BC7E32E86938}.Release|TwinCAT CE7 (ARMV7).Build.0 = Release|TwinCAT CE7 (ARMV7)
		{EA575994-D3FB-42BF-B661-BC7E32E86938}.Release|TwinCAT OS (ARMT2).ActiveCfg = Release|TwinCAT OS (ARMV7-M)
		{EA575994-D3FB-42BF-B661-BC7E32E86938}.Release|TwinCAT OS (ARMT2).Build.0 = Release|TwinCAT OS (ARMV7-M)
		{EA575994-D3FB-42BF-B661-BC7E32E86938}.Release|TwinCAT OS (ARMV7-A).ActiveCfg = Release|TwinCAT OS (ARMV7-A)
		{EA575994-D3FB-42BF-B661-BC7E32E86938}.Release|TwinCAT OS (ARMV7-A).Build.0 = Release|TwinCAT OS (ARMV7-A)
		{EA575994-D3FB-42BF-B661-BC7E32E86938}.Release|TwinCAT OS (ARMV7-M).ActiveCfg = Release|TwinCAT OS (ARMV7-M)
		{EA575994-D3FB-42BF-B661-BC7E32E86938}.Release|TwinCAT OS (ARMV7-M).Build.0 = Release|TwinCAT OS (ARMV7-M)
		{EA575994-D3FB-42BF-B661-BC7E32E86938}.Release|TwinCAT OS (ARMV8-A).ActiveCfg = Release|TwinCAT OS (ARMV8-A)
		{EA575994-D3FB-42BF-B661-BC7E32E86938}.Release|TwinCAT OS (ARMV8-A).Build.0 = Release|TwinCAT OS (ARMV8-A)
		{EA575994-D3FB-42BF-B661-BC7E32E86938}.Release|TwinCAT OS (x64).ActiveCfg = Release|TwinCAT OS (x64)
		{EA575994-D3FB-42BF-B661-BC7E32E86938}.Release|TwinCAT OS (x64).Build.0 = Release|TwinCAT OS (x64)
		{EA575994-D3FB-42BF-B661-BC7E32E86938}.Release|TwinCAT RT (x64).ActiveCfg = Release|TwinCAT RT (x64)
		{EA575994-D3FB-42BF-B661-BC7E32E86938}.Release|TwinCAT RT (x64).Build.0 = Release|TwinCAT RT (x64)
		{EA575994-D3FB-42BF-B661-BC7E32E86938}.Release|TwinCAT RT (x86).ActiveCfg = Release|TwinCAT RT (x86)
		{EA575994-D3FB-42BF-B661-BC7E32E86938}.Release|TwinCAT RT (x86).Build.0 = Release|TwinCAT RT (x86)
		{C12771EA-78C2-43F6-9730-2F2881C63CA1}.Debug|TwinCAT CE7 (ARMV7).ActiveCfg = Debug|TwinCAT CE7 (ARMV7)
		{C12771EA-78C2-43F6-9730-2F2881C63CA1}.Debug|TwinCAT CE7 (ARMV7).Build.0 = Debug|TwinCAT CE7 (ARMV7)
		{C12771EA-78C2-43F6-9730-2F2881C63CA1}.Debug|TwinCAT OS (ARMT2).ActiveCfg = Debug|TwinCAT OS (ARMV7-M)
		{C12771EA-78C2-43F6-9730-2F2881C63CA1}.Debug|TwinCAT OS (ARMT2).Build.0 = Debug|TwinCAT OS (ARMV7-M)
		{C12771EA-78C2-43F6-9730-2F2881C63CA1}.Debug|TwinCAT OS (ARMV7-A).ActiveCfg = Debug|TwinCAT OS (ARMV7-A)
		{C12771EA-78C2-43F6-9730-2F2881C63CA1}.Debug|TwinCAT OS (ARMV7-A).Build.0 = Debug|TwinCAT OS (ARMV7-A)
		{C12771EA-78C2-43F6-9730-2F2881C63CA1}.Debug|TwinCAT OS (ARMV7-M).ActiveCfg = Debug|TwinCAT OS (ARMV7-M)
		{C12771EA-78C2-43F6-9730-2F2881C63CA1}.Debug|TwinCAT OS (ARMV7-M).Build.0 = Debug|TwinCAT OS (ARMV7-M)
		{C12771EA-78C2-43F6-9730-2F2881C63CA1}.Debug|TwinCAT OS (ARMV8-A).ActiveCfg = Debug|TwinCAT OS (ARMV8-A)
		{C12771EA-78C2-43F6-9730-2F2881C63CA1}.Debug|TwinCAT OS (ARMV8-A).Build.0 = Debug|TwinCAT OS (ARMV8-A)
		{C12771EA-78C2-43F6-9730-2F2881C63CA1}.Debug|TwinCAT OS (x64).ActiveCfg = Debug|TwinCAT OS (x64)
		{C12771EA-78C2-43F6-9730-2F2881C63CA1}.Debug|TwinCAT OS (x64).Build.0 = Debug|TwinCAT OS (x64)
		{C12771EA-78C2-43F6-9730-2F2881C63CA1}.Debug|TwinCAT RT (x64).ActiveCfg = Debug|TwinCAT RT (x64)
		{C12771EA-78C2-43F6-9730-2F2881C63CA1}.Debug|TwinCAT RT (x64).Build.0 = Debug|TwinCAT RT (x64)
		{C12771EA-78C2-43F6-9730-2F2881C63CA1}.Debug|TwinCAT RT (x86).ActiveCfg = Debug|TwinCAT RT (x86)
		{C12771EA-78C2-43F6-9730-2F2881C63CA1}.Debug|TwinCAT RT (x86).Build.0 = Debug|TwinCAT RT (x86)
		{C12771EA-78C2-43F6-9730-2F2881C63CA1}.Release|TwinCAT CE7 (ARMV7).ActiveCfg = Release|TwinCAT CE7 (ARMV7)
		{C12771EA-78C2-43F6-9730-2F2881C63CA1}.Release|TwinCAT CE7 (ARMV7).Build.0 = Release|TwinCAT CE7 (ARMV7)
		{C12771EA-78C2-43F6-9730-2F2881C63CA1}.Release|TwinCAT OS (ARMT2).ActiveCfg = Release|TwinCAT OS (ARMV7-M)
		{C12771EA-78C2-43F6-9730-2F2881C63CA1}.Release|TwinCAT OS (ARMT2).Build.0 = Release|TwinCAT OS (ARMV7-M)
		{C12771EA-78C2-43F6-9730-2F2881C63CA1}.Release|TwinCAT OS (ARMV7-A).ActiveCfg = Release|TwinCAT OS (ARMV7-A)
		{C12771EA-78C2-43F6-9730-2F2881C63CA1}.Release|TwinCAT OS (ARMV7-A).Build.0 = Release|TwinCAT OS (ARMV7-A)
		{C12771EA-78C2-43F6-9730-2F2881C63CA1}.Release|TwinCAT OS (ARMV7-M).ActiveCfg = Release|TwinCAT OS (ARMV7-M)
		{C12771EA-78C2-43F6-9730-2F2881C63CA1}.Release|TwinCAT OS (ARMV7-M).Build.0 = Release|TwinCAT OS (ARMV7-M)
		{C12771EA-78C2-43F6-9730-2F2881C63CA1}.Release|TwinCAT OS (ARMV8-A).ActiveCfg = Release|TwinCAT OS (ARMV8-A)
		{C12771EA-78C2-43F6-9730-2F2881C63CA1}.Release|TwinCAT OS (ARMV8-A).Build.0 = Release|TwinCAT OS (ARMV8-A)
		{C12771EA-78C2-43F6-9730-2F2881C63CA1}.Release|TwinCAT OS (x64).ActiveCfg = Release|TwinCAT OS (x64)
		{C12771EA-78C2-43F6-9730-2F2881C63CA1}.Release|TwinCAT OS (x64).Build.0 = Release|TwinCAT OS (x64)
		{C12771EA-78C2-43F6-9730-2F2881C63CA1}.Release|TwinCAT RT (x64).ActiveCfg = Release|TwinCAT RT (x64)
		{C12771EA-78C2-43F6-9730-2F2881C63CA1}.Release|TwinCAT RT (x64).Build.0 = Release|TwinCAT RT (x64)
		{C12771EA-78C2-43F6-9730-2F2881C63CA1}.Release|TwinCAT RT (x86).ActiveCfg = Release|TwinCAT RT (x86)
		{C12771EA-78C2-43F6-9730-2F2881C63CA1}.Release|TwinCAT RT (x86).Build.0 = Release|TwinCAT RT (x86)
		{04A28E30-40E3-4806-872D-3F0F0CEC9FF9}.Debug|TwinCAT CE7 (ARMV7).ActiveCfg = Debug|TwinCAT CE7 (ARMV7)
		{04A28E30-40E3-4806-872D-3F0F0CEC9FF9}.Debug|TwinCAT CE7 (ARMV7).Build.0 = Debug|TwinCAT CE7 (ARMV7)
		{04A28E30-40E3-4806-872D-3F0F0CEC9FF9}.Debug|TwinCAT OS (ARMT2).ActiveCfg = Debug|TwinCAT OS (ARMV7-A)
		{04A28E30-40E3-4806-872D-3F0F0CEC9FF9}.Debug|TwinCAT OS (ARMT2).Build.0 = Debug|TwinCAT OS (ARMV7-A)
		{04A28E30-40E3-4806-872D-3F0F0CEC9FF9}.Debug|TwinCAT OS (ARMV7-A).ActiveCfg = Debug|TwinCAT OS (ARMV7-A)
		{04A28E30-40E3-4806-872D-3F0F0CEC9FF9}.Debug|TwinCAT OS (ARMV7-A).Build.0 = Debug|TwinCAT OS (ARMV7-A)
		{04A28E30-40E3-4806-872D-3F0F0CEC9FF9}.Debug|TwinCAT OS (ARMV7-M).ActiveCfg = Debug|TwinCAT OS (ARMV7-M)
		{04A28E30-40E3-4806-872D-3F0F0CEC9FF9}.Debug|TwinCAT OS (ARMV7-M).Build.0 = Debug|TwinCAT OS (ARMV7-M)
		{04A28E30-40E3-4806-872D-3F0F0CEC9FF9}.Debug|TwinCAT OS (ARMV8-A).ActiveCfg = Debug|TwinCAT OS (ARMV8-A)
		{04A28E30-40E3-4806-872D-3F0F0CEC9FF9}.Debug|TwinCAT OS (ARMV8-A).Build.0 = Debug|TwinCAT OS (ARMV8-A)
		{04A28E30-40E3-4806-872D-3F0F0CEC9FF9}.Debug|TwinCAT OS (x64).ActiveCfg = Debug|TwinCAT OS (x64)
		{04A28E30-40E3-4806-872D-3F0F0CEC9FF9}.Debug|TwinCAT OS (x64).Build.0 = Debug|TwinCAT OS (x64)
		{04A28E30-40E3-4806-872D-3F0F0CEC9FF9}.Debug|TwinCAT RT (x64).ActiveCfg = Debug|TwinCAT RT (x64)
		{04A28E30-40E3-4806-872D-3F0F0CEC9FF9}.Debug|TwinCAT RT (x64).Build.0 = Debug|TwinCAT RT (x64)
		{04A28E30-40E3-4806-872D-3F0F0CEC9FF9}.Debug|TwinCAT RT (x86).ActiveCfg = Debug|TwinCAT RT (x86)
		{04A28E30-40E3-4806-872D-3F0F0CEC9FF9}.Debug|TwinCAT RT (x86).Build.0 = Debug|TwinCAT RT (x86)
		{04A28E30-40E3-4806-872D-3F0F0CEC9FF9}.Release|TwinCAT CE7 (ARMV7).ActiveCfg = Release|TwinCAT CE7 (ARMV7)
		{04A28E30-40E3-4806-872D-3F0F0CEC9FF9}.Release|TwinCAT CE7 (ARMV7).Build.0 = Release|TwinCAT CE7 (ARMV7)
		{04A28E30-40E3-4806-872D-3F0F0CEC9FF9}.Release|TwinCAT OS (ARMT2).ActiveCfg = Release|TwinCAT OS (ARMV7-A)
		{04A28E30-40E3-4806-872D-3F0F0CEC9FF9}.Release|TwinCAT OS (ARMT2).Build.0 = Release|TwinCAT OS (ARMV7-A)
		{04A28E30-40E3-4806-872D-3F0F0CEC9FF9}.Release|TwinCAT OS (ARMV7-A).ActiveCfg = Release|TwinCAT OS (ARMV7-A)
		{04A28E30-40E3-4806-872D-3F0F0CEC9FF9}.Release|TwinCAT OS (ARMV7-A).Build.0 = Release|TwinCAT OS (ARMV7-A)
		{04A28E30-40E3-4806-872D-3F0F0CEC9FF9}.Release|TwinCAT OS (ARMV7-M).ActiveCfg = Release|TwinCAT OS (ARMV7-M)
		{04A28E30-40E3-4806-872D-3F0F0CEC9FF9}.Release|TwinCAT OS (ARMV7-M).Build.0 = Release|TwinCAT OS (ARMV7-M)
		{04A28E30-40E3-4806-872D-3F0F0CEC9FF9}.Release|TwinCAT OS (ARMV8-A).ActiveCfg = Release|TwinCAT OS (ARMV8-A)
		{04A28E30-40E3-4806-872D-3F0F0CEC9FF9}.Release|TwinCAT OS (ARMV8-A).Build.0 = Release|TwinCAT OS (ARMV8-A)
		{04A28E30-40E3-4806-872D-3F0F0CEC9FF9}.Release|TwinCAT OS (x64).ActiveCfg = Release|TwinCAT OS (x64)
		{04A28E30-40E3-4806-872D-3F0F0CEC9FF9}.Release|TwinCAT OS (x64).Build.0 = Release|TwinCAT OS (x64)
		{04A28E30-40E3-4806-872D-3F0F0CEC9FF9}.Release|TwinCAT RT (x64).ActiveCfg = Release|TwinCAT RT (x64)
		{04A28E30-40E3-4806-872D-3F0F0CEC9FF9}.Release|TwinCAT RT (x64).Build.0 = Release|TwinCAT RT (x64)
		{04A28E30-40E3-4806-872D-3F0F0CEC9FF9}.Release|TwinCAT RT (x86).ActiveCfg = Release|TwinCAT RT (x86)
		{04A28E30-40E3-4806-872D-3F0F0CEC9FF9}.Release|TwinCAT RT (x86).Build.0 = Release|TwinCAT RT (x86)
		{7DB82D98-E394-486F-98BA-F8CBD45EC615}.Debug|TwinCAT CE7 (ARMV7).ActiveCfg = Debug|TwinCAT CE7 (ARMV7)
		{7DB82D98-E394-486F-98BA-F8CBD45EC615}.Debug|TwinCAT CE7 (ARMV7).Build.0 = Debug|TwinCAT CE7 (ARMV7)
		{7DB82D98-E394-486F-98BA-F8CBD45EC615}.Debug|TwinCAT OS (ARMT2).ActiveCfg = Debug|TwinCAT OS (ARMV7-A)
		{7DB82D98-E394-486F-98BA-F8CBD45EC615}.Debug|TwinCAT OS (ARMT2).Build.0 = Debug|TwinCAT OS (ARMV7-A)
		{7DB82D98-E394-486F-98BA-F8CBD45EC615}.Debug|TwinCAT OS (ARMV7-A).ActiveCfg = Debug|TwinCAT OS (ARMV7-A)
		{7DB82D98-E394-486F-98BA-F8CBD45EC615}.Debug|TwinCAT OS (ARMV7-A).Build.0 = Debug|TwinCAT OS (ARMV7-A)
		{7DB82D98-E394-486F-98BA-F8CBD45EC615}.Debug|TwinCAT OS (ARMV7-M).ActiveCfg = Debug|TwinCAT OS (ARMV7-M)
		{7DB82D98-E394-486F-98BA-F8CBD45EC615}.Debug|TwinCAT OS (ARMV7-M).Build.0 = Debug|TwinCAT OS (ARMV7-M)
		{7DB82D98-E394-486F-98BA-F8CBD45EC615}.Debug|TwinCAT OS (ARMV8-A).ActiveCfg = Debug|TwinCAT OS (ARMV8-A)
		{7DB82D98-E394-486F-98BA-F8CBD45EC615}.Debug|TwinCAT OS (ARMV8-A).Build.0 = Debug|TwinCAT OS (ARMV8-A)
		{7DB82D98-E394-486F-98BA-F8CBD45EC615}.Debug|TwinCAT OS (x64).ActiveCfg = Debug|TwinCAT OS (x64)
		{7DB82D98-E394-486F-98BA-F8CBD45EC615}.Debug|TwinCAT OS (x64).Build.0 = Debug|TwinCAT OS (x64)
		{7DB82D98-E394-486F-98BA-F8CBD45EC615}.Debug|TwinCAT RT (x64).ActiveCfg = Debug|TwinCAT RT (x64)
		{7DB82D98-E394-486F-98BA-F8CBD45EC615}.Debug|TwinCAT RT (x64).Build.0 = Debug|TwinCAT RT (x64)
		{7DB82D98-E394-486F-98BA-F8CBD45EC615}.Debug|TwinCAT RT (x86).ActiveCfg = Debug|TwinCAT RT (x86)
		{7DB82D98-E394-486F-98BA-F8CBD45EC615}.Debug|TwinCAT RT (x86).Build.0 = Debug|TwinCAT RT (x86)
		{7DB82D98-E394-486F-98BA-F8CBD45EC615}.Release|TwinCAT CE7 (ARMV7).ActiveCfg = Release|TwinCAT CE7 (ARMV7)
		{7DB82D98-E394-486F-98BA-F8CBD45EC615}.Release|TwinCAT CE7 (ARMV7).Build.0 = Release|TwinCAT CE7 (ARMV7)
		{7DB82D98-E394-486F-98BA-F8CBD45EC615}.Release|TwinCAT OS (ARMT2).ActiveCfg = Release|TwinCAT OS (ARMV7-A)
		{7DB82D98-E394-486F-98BA-F8CBD45EC615}.Release|TwinCAT OS (ARMT2).Build.0 = Release|TwinCAT OS (ARMV7-A)
		{7DB82D98-E394-486F-98BA-F8CBD45EC615}.Release|TwinCAT OS (ARMV7-A).ActiveCfg = Release|TwinCAT OS (ARMV7-A)
		{7DB82D98-E394-486F-98BA-F8CBD45EC615}.Release|TwinCAT OS (ARMV7-A).Build.0 = Release|TwinCAT OS (ARMV7-A)
		{7DB82D98-E394-486F-98BA-F8CBD45EC615}.Release|TwinCAT OS (ARMV7-M).ActiveCfg = Release|TwinCAT OS (ARMV7-M)
		{7DB82D98-E394-486F-98BA-F8CBD45EC615}.Release|TwinCAT OS (ARMV7-M).Build.0 = Release|TwinCAT OS (ARMV7-M)
		{7DB82D98-E394-486F-98BA-F8CBD45EC615}.Release|TwinCAT OS (ARMV8-A).ActiveCfg = Release|TwinCAT OS (ARMV8-A)
		{7DB82D98-E394-486F-98BA-F8CBD45EC615}.Release|TwinCAT OS (ARMV8-A).Build.0 = Release|TwinCAT OS (ARMV8-A)
		{7DB82D98-E394-486F-98BA-F8CBD45EC615}.Release|TwinCAT OS (x64).ActiveCfg = Release|TwinCAT OS (x64)
		{7DB82D98-E394-486F-98BA-F8CBD45EC615}.Release|TwinCAT OS (x64).Build.0 = Release|TwinCAT OS (x64)
		{7DB82D98-E394-486F-98BA-F8CBD45EC615}.Release|TwinCAT RT (x64).ActiveCfg = Release|TwinCAT RT (x64)
		{7DB82D98-E394-486F-98BA-F8CBD45EC615}.Release|TwinCAT RT (x86).ActiveCfg = Release|TwinCAT RT (x86)
		{7DB82D98-E394-486F-98BA-F8CBD45EC615}.Release|TwinCAT RT (x86).Build.0 = Release|TwinCAT RT (x86)
	EndGlobalSection
	GlobalSection(SolutionProperties) = preSolution
		HideSolutionNode = FALSE
	EndGlobalSection
	GlobalSection(ExtensibilityGlobals) = postSolution
		SolutionGuid = {4E7F458B-4AFF-4314-8AD6-95E39FC249A6}
	EndGlobalSection
EndGlobal
